
Microsoft Visual Studio Solution File, Format Version 12.00
# Visual Studio Express 15 for Windows Desktop
VisualStudioVersion = 15.0.28307.572
MinimumVisualStudioVersion = 10.0.40219.1
Project("{FAE04EC0-301F-11D3-BF4B-00C04F79EFBC}") = "IndividualneZadanie4", "Individualne Zadanie 4\IndividualneZadanie4.csproj", "{B1FD2135-A46A-4A1B-991E-BEB00B1B7C0A}"
EndProject
Project("{FAE04EC0-301F-11D3-BF4B-00C04F79EFBC}") = "Data", "ConsoleApp1\Data.csproj", "{DF140C00-55BD-4E9D-B584-81DD21114A0E}"
EndProject
Project("{FAE04EC0-301F-11D3-BF4B-00C04F79EFBC}") = "Logic", "..\Logic\Logic.csproj", "{318C6C84-1039-4D93-B14F-411CCEF4EADD}"
EndProject
Global
	GlobalSection(SolutionConfigurationPlatforms) = preSolution
		Debug|Any CPU = Debug|Any CPU
		Release|Any CPU = Release|Any CPU
	EndGlobalSection
	GlobalSection(ProjectConfigurationPlatforms) = postSolution
		{B1FD2135-A46A-4A1B-991E-BEB00B1B7C0A}.Debug|Any CPU.ActiveCfg = Debug|Any CPU
		{B1FD2135-A46A-4A1B-991E-BEB00B1B7C0A}.Debug|Any CPU.Build.0 = Debug|Any CPU
		{B1FD2135-A46A-4A1B-991E-BEB00B1B7C0A}.Release|Any CPU.ActiveCfg = Release|Any CPU
		{B1FD2135-A46A-4A1B-991E-BEB00B1B7C0A}.Release|Any CPU.Build.0 = Release|Any CPU
		{DF140C00-55BD-4E9D-B584-81DD21114A0E}.Debug|Any CPU.ActiveCfg = Debug|Any CPU
		{DF140C00-55BD-4E9D-B584-81DD21114A0E}.Debug|Any CPU.Build.0 = Debug|Any CPU
		{DF140C00-55BD-4E9D-B584-81DD21114A0E}.Release|Any CPU.ActiveCfg = Release|Any CPU
		{DF140C00-55BD-4E9D-B584-81DD21114A0E}.Release|Any CPU.Build.0 = Release|Any CPU
		{318C6C84-1039-4D93-B14F-411CCEF4EADD}.Debug|Any CPU.ActiveCfg = Debug|Any CPU
		{318C6C84-1039-4D93-B14F-411CCEF4EADD}.Debug|Any CPU.Build.0 = Debug|Any CPU
		{318C6C84-1039-4D93-B14F-411CCEF4EADD}.Release|Any CPU.ActiveCfg = Release|Any CPU
		{318C6C84-1039-4D93-B14F-411CCEF4EADD}.Release|Any CPU.Build.0 = Release|Any CPU
	EndGlobalSection
	GlobalSection(SolutionProperties) = preSolution
		HideSolutionNode = FALSE
	EndGlobalSection
	GlobalSection(ExtensibilityGlobals) = postSolution
		SolutionGuid = {A3C031D6-9403-4622-BFB2-B14D591E6930}
	EndGlobalSection
EndGlobal
